id: 330
name: displayRawContentBlock
description: ''
category: a_hub
properties: 'a:0:{}'

-----

[[+template:htmlent:replace=`[[==&#91;&#91;`:replace=`]]==&#93;&#93;`:replace=``==&#96;`]]
[[+properties:htmlent:replace=`[[==&#91;&#91;`:replace=`]]==&#93;&#93;`:replace=``==&#96;`]]
[[+settings:htmlent:replace=`[[==&#91;&#91;`:replace=`]]==&#93;&#93;`:replace=``==&#96;`]]