id: 32
name: fbContentBlock
description: ''
category: o_formblocks
properties: 'a:0:{}'

-----

[[!$fbRenderFormWrapper?
    &form_id=`[[+form_id]]`
    &current_id=`[[*id]]`
    &current_pagetitle=`[[*pagetitle]]`
    &current_menutitle=`[[*menutitle]]`
    &segment_type=`[[+segment_type]]`
    &padding=`[[+padding]]`
]]